
Microsoft Visual Studio Solution File, Format Version 12.00
# Visual Studio Version 16
VisualStudioVersion = 16.0.29123.88
MinimumVisualStudioVersion = 10.0.40219.1
Project("{FAE04EC0-301F-11D3-BF4B-00C04F79EFBC}") = "Laboratorio 2", "Laboratorio 2\Laboratorio 2.csproj", "{5AA4ECFA-6185-4A56-986A-37CA04BC29FB}"
EndProject
Global
	GlobalSection(SolutionConfigurationPlatforms) = preSolution
		Debug|Any CPU = Debug|Any CPU
		Release|Any CPU = Release|Any CPU
	EndGlobalSection
	GlobalSection(ProjectConfigurationPlatforms) = postSolution
		{5AA4ECFA-6185-4A56-986A-37CA04BC29FB}.Debug|Any CPU.ActiveCfg = Debug|Any CPU
		{5AA4ECFA-6185-4A56-986A-37CA04BC29FB}.Debug|Any CPU.Build.0 = Debug|Any CPU
		{5AA4ECFA-6185-4A56-986A-37CA04BC29FB}.Release|Any CPU.ActiveCfg = Release|Any CPU
		{5AA4ECFA-6185-4A56-986A-37CA04BC29FB}.Release|Any CPU.Build.0 = Release|Any CPU
	EndGlobalSection
	GlobalSection(SolutionProperties) = preSolution
		HideSolutionNode = FALSE
	EndGlobalSection
	GlobalSection(ExtensibilityGlobals) = postSolution
		SolutionGuid = {38C82722-D433-4402-A65A-A620DC7BF166}
	EndGlobalSection
EndGlobal
